
Microsoft Visual Studio Solution File, Format Version 12.00
# Visual Studio 15
VisualStudioVersion = 15.0.28307.852
MinimumVisualStudioVersion = 10.0.40219.1
Project("{8BC9CEB8-8B4A-11D0-8D11-00A0C91BC942}") = "TFMYO", "TFMYO.vcxproj", "{B703F4D2-B79A-4A6A-BDF8-F29BDA0A0029}"
EndProject
Global
	GlobalSection(SolutionConfigurationPlatforms) = preSolution
		Debug|x64 = Debug|x64
		Debug|x86 = Debug|x86
		Release|x64 = Release|x64
		Release|x86 = Release|x86
	EndGlobalSection
	GlobalSection(ProjectConfigurationPlatforms) = postSolution
		{B703F4D2-B79A-4A6A-BDF8-F29BDA0A0029}.Debug|x64.ActiveCfg = Debug|x64
		{B703F4D2-B79A-4A6A-BDF8-F29BDA0A0029}.Debug|x64.Build.0 = Debug|x64
		{B703F4D2-B79A-4A6A-BDF8-F29BDA0A0029}.Debug|x86.ActiveCfg = Debug|Win32
		{B703F4D2-B79A-4A6A-BDF8-F29BDA0A0029}.Debug|x86.Build.0 = Debug|Win32
		{B703F4D2-B79A-4A6A-BDF8-F29BDA0A0029}.Release|x64.ActiveCfg = Release|x64
		{B703F4D2-B79A-4A6A-BDF8-F29BDA0A0029}.Release|x64.Build.0 = Release|x64
		{B703F4D2-B79A-4A6A-BDF8-F29BDA0A0029}.Release|x86.ActiveCfg = Release|Win32
		{B703F4D2-B79A-4A6A-BDF8-F29BDA0A0029}.Release|x86.Build.0 = Release|Win32
	EndGlobalSection
	GlobalSection(SolutionProperties) = preSolution
		HideSolutionNode = FALSE
	EndGlobalSection
	GlobalSection(ExtensibilityGlobals) = postSolution
		SolutionGuid = {2141686E-CB7F-440C-A537-E31422C3F8D9}
	EndGlobalSection
EndGlobal
